
Microsoft Visual Studio Solution File, Format Version 12.00
# Visual Studio Version 17
VisualStudioVersion = 17.11.35327.3
MinimumVisualStudioVersion = 10.0.40219.1
Project("{FAE04EC0-301F-11D3-BF4B-00C04F79EFBC}") = "6.CondicionalMultiple", "6.CondicionalMultiple.csproj", "{05789421-5C8C-4B32-83D6-D5C0EA2871E3}"
EndProject
Global
	GlobalSection(SolutionConfigurationPlatforms) = preSolution
		Debug|Any CPU = Debug|Any CPU
		Release|Any CPU = Release|Any CPU
	EndGlobalSection
	GlobalSection(ProjectConfigurationPlatforms) = postSolution
		{05789421-5C8C-4B32-83D6-D5C0EA2871E3}.Debug|Any CPU.ActiveCfg = Debug|Any CPU
		{05789421-5C8C-4B32-83D6-D5C0EA2871E3}.Debug|Any CPU.Build.0 = Debug|Any CPU
		{05789421-5C8C-4B32-83D6-D5C0EA2871E3}.Release|Any CPU.ActiveCfg = Release|Any CPU
		{05789421-5C8C-4B32-83D6-D5C0EA2871E3}.Release|Any CPU.Build.0 = Release|Any CPU
	EndGlobalSection
	GlobalSection(SolutionProperties) = preSolution
		HideSolutionNode = FALSE
	EndGlobalSection
	GlobalSection(ExtensibilityGlobals) = postSolution
		SolutionGuid = {F5D6984D-FBC2-4F34-9306-25A354AB1BA4}
	EndGlobalSection
EndGlobal
